# This file was autogenerated by Stack.
# You should not edit this file by hand.
# For more information, please see the documentation at:
#   https://docs.haskellstack.org/en/stable/lock_files

packages:
- completed:
    hackage: commutative-semigroups-0.1.0.1@sha256:1d08a56dee1822cbeb3b0d670acd89da83d3ebdb0c15a8d3a45af8c599de3f2f,1106
    pantry-tree:
      sha256: 442a31462b71e55e23bef2e35534595cffc7dc3c7827b97c9ed8e09b2cdc9cd0
      size: 416
  original:
    hackage: commutative-semigroups-0.1.0.1
- completed:
    hackage: gltf-codec-0.1.0.4@sha256:a2221740fb9bb3b9e826e310fdca63f3078fa750d0e21112c68b467a7c319469,2752
    pantry-tree:
      sha256: 1b6536f0d71c5f2b0beeec3bceb9591d32ea9bb6ebe826a11265628aebe43079
      size: 1619
  original:
    hackage: gltf-codec-0.1.0.4
- completed:
    hackage: gltf-loader-0.3.0.0@sha256:e1ebcadd308fa53fadfa284ad8e374cba96d44ed0939f52708534f8ae4feb6f7,5837
    pantry-tree:
      sha256: 556fefe2e71c1c8d4927ec467ad86f7308f8e8b377f43ed4c328ab5f2de37daf
      size: 1863
  original:
    hackage: gltf-loader-0.3.0.0
- completed:
    hackage: patch-0.0.8.2@sha256:629479fb09e451570d4f7b2f581c37b16cb5ff131881f632138a199d8dcfe794,3338
    pantry-tree:
      sha256: f39897e2021c8207dc02341d54c8ea2720a0ae98a1e8e6f82a8d894f4e2cb959
      size: 1179
  original:
    hackage: patch-0.0.8.2
- completed:
    hackage: reflex-0.9.2.0@sha256:9fb6be21656d11b630c5e3a53ec157c5ee527433e80593b8d7db36fe0fbe1e81,12252
    pantry-tree:
      sha256: bee8d3e3cfe7c5e6ef7fd601339267b66956f7db77cf2f2cb463305eb713fbc9
      size: 4664
  original:
    hackage: reflex-0.9.2.0
- completed:
    commit: 64bafffabaf83e0cd2045a8da5ecd8bdef401cee
    git: git@github.com:vagarenko/reflex-glfw-simple.git
    name: reflex-glfw-simple
    pantry-tree:
      sha256: 93da1a08ae2bbc2c4fc27a8c89d49e67babeed9be622ef0f7895ca72d4db5035
      size: 611
    version: 0.2.0.0
  original:
    commit: 64bafffabaf83e0cd2045a8da5ecd8bdef401cee
    git: git@github.com:vagarenko/reflex-glfw-simple.git
snapshots:
- completed:
    sha256: 5a59b2a405b3aba3c00188453be172b85893cab8ebc352b1ef58b0eae5d248a2
    size: 650475
    url: https://raw.githubusercontent.com/commercialhaskell/stackage-snapshots/master/lts/20/26.yaml
  original: lts-20.26
