# This file was autogenerated by Stack.
# You should not edit this file by hand.
# For more information, please see the documentation at:
#   https://docs.haskellstack.org/en/stable/lock_files

packages:
- completed:
    hackage: constraints-0.13.4@sha256:0d8834307bb6798ac937955c00155c26d671b5df147f5622d335d1094290fd36,2504
    pantry-tree:
      sha256: c74dab1ffbdd096ee0d71ce9662be556d8d37d7d65428de565a062efc8dd64f0
      size: 867
  original:
    hackage: constraints-0.13.4
- completed:
    hackage: gltf-codec-0.1.0.4@sha256:a2221740fb9bb3b9e826e310fdca63f3078fa750d0e21112c68b467a7c319469,2752
    pantry-tree:
      sha256: 1b6536f0d71c5f2b0beeec3bceb9591d32ea9bb6ebe826a11265628aebe43079
      size: 1619
  original:
    hackage: gltf-codec-0.1.0.4
- completed:
    hackage: patch-0.0.8.2@sha256:629479fb09e451570d4f7b2f581c37b16cb5ff131881f632138a199d8dcfe794,3338
    pantry-tree:
      sha256: f39897e2021c8207dc02341d54c8ea2720a0ae98a1e8e6f82a8d894f4e2cb959
      size: 1179
  original:
    hackage: patch-0.0.8.2
- completed:
    hackage: primitive-0.7.4.0@sha256:c2f0ed97b3dce97f2f43b239c3be8b136e4368f1eb7b61322ee9ac98f604622b,2982
    pantry-tree:
      sha256: 1cd1f40729b3038f1140fbf506ce59ab2db3f745b1727e0beba6390621aa9630
      size: 1655
  original:
    hackage: primitive-0.7.4.0
- completed:
    hackage: reflex-0.9.3.0@sha256:e0c67fbdd4e270a1a04e3fb7bab03ac431052e9a28296bd55659204a27fa44cb,12252
    pantry-tree:
      sha256: e98a56416059f1c04d6c746a96977121dee47cf1caeb922196c438bcd5fe5efe
      size: 4664
  original:
    hackage: reflex-0.9.3.0
- completed:
    commit: 64bafffabaf83e0cd2045a8da5ecd8bdef401cee
    git: git@github.com:vagarenko/reflex-glfw-simple.git
    name: reflex-glfw-simple
    pantry-tree:
      sha256: 93da1a08ae2bbc2c4fc27a8c89d49e67babeed9be622ef0f7895ca72d4db5035
      size: 611
    version: 0.2.0.0
  original:
    commit: 64bafffabaf83e0cd2045a8da5ecd8bdef401cee
    git: git@github.com:vagarenko/reflex-glfw-simple.git
snapshots:
- completed:
    sha256: 2fdd7d3e54540062ef75ca0a73ca3a804c527dbf8a4cadafabf340e66ac4af40
    size: 712469
    url: https://raw.githubusercontent.com/commercialhaskell/stackage-snapshots/master/lts/22/11.yaml
  original: lts-22.11
